
Microsoft Visual Studio Solution File, Format Version 12.00
# Visual Studio Version 16
VisualStudioVersion = 16.0.30621.155
MinimumVisualStudioVersion = 10.0.40219.1
Project("{FAE04EC0-301F-11D3-BF4B-00C04F79EFBC}") = "HomeWork1", "HomeWork1\HomeWork1.csproj", "{9F41A3E3-E781-4A57-B99B-5912D05D6505}"
EndProject
Global
	GlobalSection(SolutionConfigurationPlatforms) = preSolution
		Debug|Any CPU = Debug|Any CPU
		Release|Any CPU = Release|Any CPU
	EndGlobalSection
	GlobalSection(ProjectConfigurationPlatforms) = postSolution
		{9F41A3E3-E781-4A57-B99B-5912D05D6505}.Debug|Any CPU.ActiveCfg = Debug|Any CPU
		{9F41A3E3-E781-4A57-B99B-5912D05D6505}.Debug|Any CPU.Build.0 = Debug|Any CPU
		{9F41A3E3-E781-4A57-B99B-5912D05D6505}.Release|Any CPU.ActiveCfg = Release|Any CPU
		{9F41A3E3-E781-4A57-B99B-5912D05D6505}.Release|Any CPU.Build.0 = Release|Any CPU
	EndGlobalSection
	GlobalSection(SolutionProperties) = preSolution
		HideSolutionNode = FALSE
	EndGlobalSection
	GlobalSection(ExtensibilityGlobals) = postSolution
		SolutionGuid = {860C8E24-194C-4120-B544-C5F3BEF1A77C}
	EndGlobalSection
EndGlobal
