
Microsoft Visual Studio Solution File, Format Version 12.00
# Visual Studio Version 16
VisualStudioVersion = 16.0.30621.155
MinimumVisualStudioVersion = 10.0.40219.1
Project("{FAE04EC0-301F-11D3-BF4B-00C04F79EFBC}") = "HomeWork2", "HomeWork2\HomeWork2.csproj", "{295449C5-6F1C-4281-AE97-BF4A333C67A3}"
EndProject
Global
	GlobalSection(SolutionConfigurationPlatforms) = preSolution
		Debug|Any CPU = Debug|Any CPU
		Release|Any CPU = Release|Any CPU
	EndGlobalSection
	GlobalSection(ProjectConfigurationPlatforms) = postSolution
		{295449C5-6F1C-4281-AE97-BF4A333C67A3}.Debug|Any CPU.ActiveCfg = Debug|Any CPU
		{295449C5-6F1C-4281-AE97-BF4A333C67A3}.Debug|Any CPU.Build.0 = Debug|Any CPU
		{295449C5-6F1C-4281-AE97-BF4A333C67A3}.Release|Any CPU.ActiveCfg = Release|Any CPU
		{295449C5-6F1C-4281-AE97-BF4A333C67A3}.Release|Any CPU.Build.0 = Release|Any CPU
	EndGlobalSection
	GlobalSection(SolutionProperties) = preSolution
		HideSolutionNode = FALSE
	EndGlobalSection
	GlobalSection(ExtensibilityGlobals) = postSolution
		SolutionGuid = {4F3744EF-EB9D-4233-B6B2-3E884CFA454F}
	EndGlobalSection
EndGlobal
